
Microsoft Visual Studio Solution File, Format Version 12.00
# Visual Studio 2012
Project("{FAE04EC0-301F-11D3-BF4B-00C04F79EFBC}") = "MyMathsLibrary", "MyMathsLibrary\MyMathsLibrary.csproj", "{5DDB5E3B-32BB-42C5-88CD-848D4E3FEF38}"
EndProject
Project("{FAE04EC0-301F-11D3-BF4B-00C04F79EFBC}") = "MathsTest", "MathsTest\MathsTest.csproj", "{BA98E2E1-F630-4B04-92E6-22D49B4AAEFF}"
EndProject
Global
	GlobalSection(SolutionConfigurationPlatforms) = preSolution
		Debug|Any CPU = Debug|Any CPU
		Release|Any CPU = Release|Any CPU
	EndGlobalSection
	GlobalSection(ProjectConfigurationPlatforms) = postSolution
		{5DDB5E3B-32BB-42C5-88CD-848D4E3FEF38}.Debug|Any CPU.ActiveCfg = Debug|Any CPU
		{5DDB5E3B-32BB-42C5-88CD-848D4E3FEF38}.Debug|Any CPU.Build.0 = Debug|Any CPU
		{5DDB5E3B-32BB-42C5-88CD-848D4E3FEF38}.Release|Any CPU.ActiveCfg = Release|Any CPU
		{5DDB5E3B-32BB-42C5-88CD-848D4E3FEF38}.Release|Any CPU.Build.0 = Release|Any CPU
		{BA98E2E1-F630-4B04-92E6-22D49B4AAEFF}.Debug|Any CPU.ActiveCfg = Debug|Any CPU
		{BA98E2E1-F630-4B04-92E6-22D49B4AAEFF}.Debug|Any CPU.Build.0 = Debug|Any CPU
		{BA98E2E1-F630-4B04-92E6-22D49B4AAEFF}.Release|Any CPU.ActiveCfg = Release|Any CPU
		{BA98E2E1-F630-4B04-92E6-22D49B4AAEFF}.Release|Any CPU.Build.0 = Release|Any CPU
	EndGlobalSection
	GlobalSection(SolutionProperties) = preSolution
		HideSolutionNode = FALSE
	EndGlobalSection
EndGlobal
